
Microsoft Visual Studio Solution File, Format Version 12.00
# Visual Studio Version 17
VisualStudioVersion = 17.2.32630.192
MinimumVisualStudioVersion = 10.0.40219.1
Project("{FAE04EC0-301F-11D3-BF4B-00C04F79EFBC}") = "dotnetconsulting.TVPInsert", "dotnetconsulting.TVPInsert\dotnetconsulting.TVPInsert.csproj", "{C4E99D38-5A80-420A-963A-FE1A63A13E05}"
EndProject
Global
	GlobalSection(SolutionConfigurationPlatforms) = preSolution
		Debug|Any CPU = Debug|Any CPU
		Release|Any CPU = Release|Any CPU
	EndGlobalSection
	GlobalSection(ProjectConfigurationPlatforms) = postSolution
		{C4E99D38-5A80-420A-963A-FE1A63A13E05}.Debug|Any CPU.ActiveCfg = Debug|Any CPU
		{C4E99D38-5A80-420A-963A-FE1A63A13E05}.Debug|Any CPU.Build.0 = Debug|Any CPU
		{C4E99D38-5A80-420A-963A-FE1A63A13E05}.Release|Any CPU.ActiveCfg = Release|Any CPU
		{C4E99D38-5A80-420A-963A-FE1A63A13E05}.Release|Any CPU.Build.0 = Release|Any CPU
	EndGlobalSection
	GlobalSection(SolutionProperties) = preSolution
		HideSolutionNode = FALSE
	EndGlobalSection
	GlobalSection(ExtensibilityGlobals) = postSolution
		SolutionGuid = {DB67B24D-8DC8-4207-B57A-F2A82A460871}
	EndGlobalSection
EndGlobal
